
Microsoft Visual Studio Solution File, Format Version 12.00
# Visual Studio Version 17
VisualStudioVersion = 17.5.002.0
MinimumVisualStudioVersion = 10.0.40219.1
Project("{9A19103F-16F7-4668-BE54-9A1E7A4F7556}") = "CurrencyTracker", "CurrencyTracker.csproj", "{B14DE0C2-5ED5-4551-8A17-F4AB4B5FDA61}"
EndProject
Global
	GlobalSection(SolutionConfigurationPlatforms) = preSolution
		Debug|Any CPU = Debug|Any CPU
		Release|Any CPU = Release|Any CPU
	EndGlobalSection
	GlobalSection(ProjectConfigurationPlatforms) = postSolution
		{B14DE0C2-5ED5-4551-8A17-F4AB4B5FDA61}.Debug|Any CPU.ActiveCfg = Debug|Any CPU
		{B14DE0C2-5ED5-4551-8A17-F4AB4B5FDA61}.Debug|Any CPU.Build.0 = Debug|Any CPU
		{B14DE0C2-5ED5-4551-8A17-F4AB4B5FDA61}.Release|Any CPU.ActiveCfg = Release|Any CPU
		{B14DE0C2-5ED5-4551-8A17-F4AB4B5FDA61}.Release|Any CPU.Build.0 = Release|Any CPU
	EndGlobalSection
	GlobalSection(SolutionProperties) = preSolution
		HideSolutionNode = FALSE
	EndGlobalSection
	GlobalSection(ExtensibilityGlobals) = postSolution
		SolutionGuid = {5C05B5D6-2D1E-4F21-8CC3-77F3D9C32A1A}
	EndGlobalSection
EndGlobal
